// !$*UTF8*$!
{
	archiveVersion = 1;
	classes = {
	};
	objectVersion = 56;
	objects = {

/* Begin PBXBuildFile section */
		2592106B2AF4E4AC009CCBCE /* ExerciseTrackerApp.swift in Sources */ = {isa = PBXBuildFile; fileRef = 2592106A2AF4E4AC009CCBCE /* ExerciseTrackerApp.swift */; };
		2592106D2AF4E4AC009CCBCE /* HomeView.swift in Sources */ = {isa = PBXBuildFile; fileRef = 2592106C2AF4E4AC009CCBCE /* HomeView.swift */; };
		2592106F2AF4E4AD009CCBCE /* Assets.xcassets in Resources */ = {isa = PBXBuildFile; fileRef = 2592106E2AF4E4AD009CCBCE /* Assets.xcassets */; };
		259210722AF4E4AD009CCBCE /* Preview Assets.xcassets in Resources */ = {isa = PBXBuildFile; fileRef = 259210712AF4E4AD009CCBCE /* Preview Assets.xcassets */; };
		416F6F872AFE6D9300252AB9 /* AddEditExerciseView.swift in Sources */ = {isa = PBXBuildFile; fileRef = 416F6F862AFE6D9300252AB9 /* AddEditExerciseView.swift */; };
		41730B9F2B07695F00EDDBFD /* ExerciseTrackerUITests.swift in Sources */ = {isa = PBXBuildFile; fileRef = 41730B9E2B07695F00EDDBFD /* ExerciseTrackerUITests.swift */; };
		41730BAF2B077BAE00EDDBFD /* ExerciseTrackerUnitTests.swift in Sources */ = {isa = PBXBuildFile; fileRef = 41730BAE2B077BAE00EDDBFD /* ExerciseTrackerUnitTests.swift */; };
		41730BBF2B07C90F00EDDBFD /* ExerciseTracker.xcdatamodeld in Sources */ = {isa = PBXBuildFile; fileRef = 41730BBD2B07C90F00EDDBFD /* ExerciseTracker.xcdatamodeld */; };
		41730BC12B07C9F100EDDBFD /* DataController.swift in Sources */ = {isa = PBXBuildFile; fileRef = 41730BC02B07C9F100EDDBFD /* DataController.swift */; };
/* End PBXBuildFile section */

/* Begin PBXContainerItemProxy section */
		41730BA22B07695F00EDDBFD /* PBXContainerItemProxy */ = {
			isa = PBXContainerItemProxy;
			containerPortal = 2592105F2AF4E4AC009CCBCE /* Project object */;
			proxyType = 1;
			remoteGlobalIDString = 259210662AF4E4AC009CCBCE;
			remoteInfo = ExerciseTracker;
		};
		41730BB02B077BAE00EDDBFD /* PBXContainerItemProxy */ = {
			isa = PBXContainerItemProxy;
			containerPortal = 2592105F2AF4E4AC009CCBCE /* Project object */;
			proxyType = 1;
			remoteGlobalIDString = 259210662AF4E4AC009CCBCE;
			remoteInfo = ExerciseTracker;
		};
/* End PBXContainerItemProxy section */

/* Begin PBXFileReference section */
		259210672AF4E4AC009CCBCE /* ExerciseTracker.app */ = {isa = PBXFileReference; explicitFileType = wrapper.application; includeInIndex = 0; path = ExerciseTracker.app; sourceTree = BUILT_PRODUCTS_DIR; };
		2592106A2AF4E4AC009CCBCE /* ExerciseTrackerApp.swift */ = {isa = PBXFileReference; lastKnownFileType = sourcecode.swift; path = ExerciseTrackerApp.swift; sourceTree = "<group>"; };
		2592106C2AF4E4AC009CCBCE /* HomeView.swift */ = {isa = PBXFileReference; lastKnownFileType = sourcecode.swift; path = HomeView.swift; sourceTree = "<group>"; };
		2592106E2AF4E4AD009CCBCE /* Assets.xcassets */ = {isa = PBXFileReference; lastKnownFileType = folder.assetcatalog; path = Assets.xcassets; sourceTree = "<group>"; };
		259210712AF4E4AD009CCBCE /* Preview Assets.xcassets */ = {isa = PBXFileReference; lastKnownFileType = folder.assetcatalog; path = "Preview Assets.xcassets"; sourceTree = "<group>"; };
		416F6F862AFE6D9300252AB9 /* AddEditExerciseView.swift */ = {isa = PBXFileReference; lastKnownFileType = sourcecode.swift; path = AddEditExerciseView.swift; sourceTree = "<group>"; };
		41730B9C2B07695F00EDDBFD /* ExerciseTrackerUITests.xctest */ = {isa = PBXFileReference; explicitFileType = wrapper.cfbundle; includeInIndex = 0; path = ExerciseTrackerUITests.xctest; sourceTree = BUILT_PRODUCTS_DIR; };
		41730B9E2B07695F00EDDBFD /* ExerciseTrackerUITests.swift */ = {isa = PBXFileReference; lastKnownFileType = sourcecode.swift; path = ExerciseTrackerUITests.swift; sourceTree = "<group>"; };
		41730BA72B0769D700EDDBFD /* ExerciseTrackerUITests.xctestplan */ = {isa = PBXFileReference; lastKnownFileType = text; path = ExerciseTrackerUITests.xctestplan; sourceTree = SOURCE_ROOT; };
		41730BAC2B077BAE00EDDBFD /* ExerciseTrackerUnitTests.xctest */ = {isa = PBXFileReference; explicitFileType = wrapper.cfbundle; includeInIndex = 0; path = ExerciseTrackerUnitTests.xctest; sourceTree = BUILT_PRODUCTS_DIR; };
		41730BAE2B077BAE00EDDBFD /* ExerciseTrackerUnitTests.swift */ = {isa = PBXFileReference; lastKnownFileType = sourcecode.swift; path = ExerciseTrackerUnitTests.swift; sourceTree = "<group>"; };
		41730BB52B077BD100EDDBFD /* ExerciseTrackerUnitTests.xctestplan */ = {isa = PBXFileReference; lastKnownFileType = text; path = ExerciseTrackerUnitTests.xctestplan; sourceTree = SOURCE_ROOT; };
		41730BBE2B07C90F00EDDBFD /* ExerciseTracker.xcdatamodel */ = {isa = PBXFileReference; lastKnownFileType = wrapper.xcdatamodel; path = ExerciseTracker.xcdatamodel; sourceTree = "<group>"; };
		41730BC02B07C9F100EDDBFD /* DataController.swift */ = {isa = PBXFileReference; lastKnownFileType = sourcecode.swift; path = DataController.swift; sourceTree = "<group>"; };
/* End PBXFileReference section */

/* Begin PBXFrameworksBuildPhase section */
		259210642AF4E4AC009CCBCE /* Frameworks */ = {
			isa = PBXFrameworksBuildPhase;
			buildActionMask = 2147483647;
			files = (
			);
			runOnlyForDeploymentPostprocessing = 0;
		};
		41730B992B07695F00EDDBFD /* Frameworks */ = {
			isa = PBXFrameworksBuildPhase;
			buildActionMask = 2147483647;
			files = (
			);
			runOnlyForDeploymentPostprocessing = 0;
		};
		41730BA92B077BAE00EDDBFD /* Frameworks */ = {
			isa = PBXFrameworksBuildPhase;
			buildActionMask = 2147483647;
			files = (
			);
			runOnlyForDeploymentPostprocessing = 0;
		};
/* End PBXFrameworksBuildPhase section */

/* Begin PBXGroup section */
		2592105E2AF4E4AC009CCBCE = {
			isa = PBXGroup;
			children = (
				259210692AF4E4AC009CCBCE /* ExerciseTracker */,
				41730B9D2B07695F00EDDBFD /* ExerciseTrackerUITests */,
				41730BAD2B077BAE00EDDBFD /* ExerciseTrackerUnitTests */,
				259210682AF4E4AC009CCBCE /* Products */,
			);
			sourceTree = "<group>";
		};
		259210682AF4E4AC009CCBCE /* Products */ = {
			isa = PBXGroup;
			children = (
				259210672AF4E4AC009CCBCE /* ExerciseTracker.app */,
				41730B9C2B07695F00EDDBFD /* ExerciseTrackerUITests.xctest */,
				41730BAC2B077BAE00EDDBFD /* ExerciseTrackerUnitTests.xctest */,
			);
			name = Products;
			sourceTree = "<group>";
		};
		259210692AF4E4AC009CCBCE /* ExerciseTracker */ = {
			isa = PBXGroup;
			children = (
				2592107D2AF536DB009CCBCE /* Sources */,
				259210702AF4E4AD009CCBCE /* Preview Content */,
			);
			path = ExerciseTracker;
			sourceTree = "<group>";
		};
		259210702AF4E4AD009CCBCE /* Preview Content */ = {
			isa = PBXGroup;
			children = (
				259210712AF4E4AD009CCBCE /* Preview Assets.xcassets */,
			);
			path = "Preview Content";
			sourceTree = "<group>";
		};
		2592107D2AF536DB009CCBCE /* Sources */ = {
			isa = PBXGroup;
			children = (
				2592106A2AF4E4AC009CCBCE /* ExerciseTrackerApp.swift */,
				2592106C2AF4E4AC009CCBCE /* HomeView.swift */,
				416F6F862AFE6D9300252AB9 /* AddEditExerciseView.swift */,
				41730BBD2B07C90F00EDDBFD /* ExerciseTracker.xcdatamodeld */,
				41730BC02B07C9F100EDDBFD /* DataController.swift */,
				2592106E2AF4E4AD009CCBCE /* Assets.xcassets */,
			);
			path = Sources;
			sourceTree = "<group>";
		};
		41730B9D2B07695F00EDDBFD /* ExerciseTrackerUITests */ = {
			isa = PBXGroup;
			children = (
				41730B9E2B07695F00EDDBFD /* ExerciseTrackerUITests.swift */,
				41730BA72B0769D700EDDBFD /* ExerciseTrackerUITests.xctestplan */,
			);
			path = ExerciseTrackerUITests;
			sourceTree = "<group>";
		};
		41730BAD2B077BAE00EDDBFD /* ExerciseTrackerUnitTests */ = {
			isa = PBXGroup;
			children = (
				41730BAE2B077BAE00EDDBFD /* ExerciseTrackerUnitTests.swift */,
				41730BB52B077BD100EDDBFD /* ExerciseTrackerUnitTests.xctestplan */,
			);
			path = ExerciseTrackerUnitTests;
			sourceTree = "<group>";
		};
/* End PBXGroup section */

/* Begin PBXNativeTarget section */
		259210662AF4E4AC009CCBCE /* ExerciseTracker */ = {
			isa = PBXNativeTarget;
			buildConfigurationList = 259210752AF4E4AD009CCBCE /* Build configuration list for PBXNativeTarget "ExerciseTracker" */;
			buildPhases = (
				259210632AF4E4AC009CCBCE /* Sources */,
				259210642AF4E4AC009CCBCE /* Frameworks */,
				259210652AF4E4AC009CCBCE /* Resources */,
			);
			buildRules = (
			);
			dependencies = (
				259210812AF53D76009CCBCE /* PBXTargetDependency */,
			);
			name = ExerciseTracker;
			packageProductDependencies = (
			);
			productName = ExerciseTracker;
			productReference = 259210672AF4E4AC009CCBCE /* ExerciseTracker.app */;
			productType = "com.apple.product-type.application";
		};
		41730B9B2B07695F00EDDBFD /* ExerciseTrackerUITests */ = {
			isa = PBXNativeTarget;
			buildConfigurationList = 41730BA42B07695F00EDDBFD /* Build configuration list for PBXNativeTarget "ExerciseTrackerUITests" */;
			buildPhases = (
				41730B982B07695F00EDDBFD /* Sources */,
				41730B992B07695F00EDDBFD /* Frameworks */,
				41730B9A2B07695F00EDDBFD /* Resources */,
			);
			buildRules = (
			);
			dependencies = (
				41730BA32B07695F00EDDBFD /* PBXTargetDependency */,
			);
			name = ExerciseTrackerUITests;
			productName = ExerciseTrackerUITests;
			productReference = 41730B9C2B07695F00EDDBFD /* ExerciseTrackerUITests.xctest */;
			productType = "com.apple.product-type.bundle.ui-testing";
		};
		41730BAB2B077BAE00EDDBFD /* ExerciseTrackerUnitTests */ = {
			isa = PBXNativeTarget;
			buildConfigurationList = 41730BB22B077BAE00EDDBFD /* Build configuration list for PBXNativeTarget "ExerciseTrackerUnitTests" */;
			buildPhases = (
				41730BA82B077BAE00EDDBFD /* Sources */,
				41730BA92B077BAE00EDDBFD /* Frameworks */,
				41730BAA2B077BAE00EDDBFD /* Resources */,
			);
			buildRules = (
			);
			dependencies = (
				41730BB12B077BAE00EDDBFD /* PBXTargetDependency */,
			);
			name = ExerciseTrackerUnitTests;
			productName = ExerciseTrackerUnitTests;
			productReference = 41730BAC2B077BAE00EDDBFD /* ExerciseTrackerUnitTests.xctest */;
			productType = "com.apple.product-type.bundle.unit-test";
		};
/* End PBXNativeTarget section */

/* Begin PBXProject section */
		2592105F2AF4E4AC009CCBCE /* Project object */ = {
			isa = PBXProject;
			attributes = {
				BuildIndependentTargetsInParallel = 1;
				LastSwiftUpdateCheck = 1500;
				LastUpgradeCheck = 1500;
				TargetAttributes = {
					259210662AF4E4AC009CCBCE = {
						CreatedOnToolsVersion = 15.0;
					};
					41730B9B2B07695F00EDDBFD = {
						CreatedOnToolsVersion = 15.0.1;
						TestTargetID = 259210662AF4E4AC009CCBCE;
					};
					41730BAB2B077BAE00EDDBFD = {
						CreatedOnToolsVersion = 15.0.1;
						TestTargetID = 259210662AF4E4AC009CCBCE;
					};
				};
			};
			buildConfigurationList = 259210622AF4E4AC009CCBCE /* Build configuration list for PBXProject "ExerciseTracker" */;
			compatibilityVersion = "Xcode 14.0";
			developmentRegion = en;
			hasScannedForEncodings = 0;
			knownRegions = (
				en,
				Base,
			);
			mainGroup = 2592105E2AF4E4AC009CCBCE;
			packageReferences = (
				2592107F2AF53D29009CCBCE /* XCRemoteSwiftPackageReference "SwiftLint" */,
			);
			productRefGroup = 259210682AF4E4AC009CCBCE /* Products */;
			projectDirPath = "";
			projectRoot = "";
			targets = (
				259210662AF4E4AC009CCBCE /* ExerciseTracker */,
				41730B9B2B07695F00EDDBFD /* ExerciseTrackerUITests */,
				41730BAB2B077BAE00EDDBFD /* ExerciseTrackerUnitTests */,
			);
		};
/* End PBXProject section */

/* Begin PBXResourcesBuildPhase section */
		259210652AF4E4AC009CCBCE /* Resources */ = {
			isa = PBXResourcesBuildPhase;
			buildActionMask = 2147483647;
			files = (
				259210722AF4E4AD009CCBCE /* Preview Assets.xcassets in Resources */,
				2592106F2AF4E4AD009CCBCE /* Assets.xcassets in Resources */,
			);
			runOnlyForDeploymentPostprocessing = 0;
		};
		41730B9A2B07695F00EDDBFD /* Resources */ = {
			isa = PBXResourcesBuildPhase;
			buildActionMask = 2147483647;
			files = (
			);
			runOnlyForDeploymentPostprocessing = 0;
		};
		41730BAA2B077BAE00EDDBFD /* Resources */ = {
			isa = PBXResourcesBuildPhase;
			buildActionMask = 2147483647;
			files = (
			);
			runOnlyForDeploymentPostprocessing = 0;
		};
/* End PBXResourcesBuildPhase section */

/* Begin PBXSourcesBuildPhase section */
		259210632AF4E4AC009CCBCE /* Sources */ = {
			isa = PBXSourcesBuildPhase;
			buildActionMask = 2147483647;
			files = (
				2592106D2AF4E4AC009CCBCE /* HomeView.swift in Sources */,
				41730BC12B07C9F100EDDBFD /* DataController.swift in Sources */,
				2592106B2AF4E4AC009CCBCE /* ExerciseTrackerApp.swift in Sources */,
				416F6F872AFE6D9300252AB9 /* AddEditExerciseView.swift in Sources */,
				41730BBF2B07C90F00EDDBFD /* ExerciseTracker.xcdatamodeld in Sources */,
			);
			runOnlyForDeploymentPostprocessing = 0;
		};
		41730B982B07695F00EDDBFD /* Sources */ = {
			isa = PBXSourcesBuildPhase;
			buildActionMask = 2147483647;
			files = (
				41730B9F2B07695F00EDDBFD /* ExerciseTrackerUITests.swift in Sources */,
			);
			runOnlyForDeploymentPostprocessing = 0;
		};
		41730BA82B077BAE00EDDBFD /* Sources */ = {
			isa = PBXSourcesBuildPhase;
			buildActionMask = 2147483647;
			files = (
				41730BAF2B077BAE00EDDBFD /* ExerciseTrackerUnitTests.swift in Sources */,
			);
			runOnlyForDeploymentPostprocessing = 0;
		};
/* End PBXSourcesBuildPhase section */

/* Begin PBXTargetDependency section */
		259210812AF53D76009CCBCE /* PBXTargetDependency */ = {
			isa = PBXTargetDependency;
			productRef = 259210802AF53D76009CCBCE /* SwiftLintPlugin */;
		};
		41730BA32B07695F00EDDBFD /* PBXTargetDependency */ = {
			isa = PBXTargetDependency;
			target = 259210662AF4E4AC009CCBCE /* ExerciseTracker */;
			targetProxy = 41730BA22B07695F00EDDBFD /* PBXContainerItemProxy */;
		};
		41730BB12B077BAE00EDDBFD /* PBXTargetDependency */ = {
			isa = PBXTargetDependency;
			target = 259210662AF4E4AC009CCBCE /* ExerciseTracker */;
			targetProxy = 41730BB02B077BAE00EDDBFD /* PBXContainerItemProxy */;
		};
/* End PBXTargetDependency section */

/* Begin XCBuildConfiguration section */
		259210732AF4E4AD009CCBCE /* Debug */ = {
			isa = XCBuildConfiguration;
			buildSettings = {
				ALWAYS_SEARCH_USER_PATHS = NO;
				ASSETCATALOG_COMPILER_GENERATE_SWIFT_ASSET_SYMBOL_EXTENSIONS = YES;
				CLANG_ANALYZER_NONNULL = YES;
				CLANG_ANALYZER_NUMBER_OBJECT_CONVERSION = YES_AGGRESSIVE;
				CLANG_CXX_LANGUAGE_STANDARD = "gnu++20";
				CLANG_ENABLE_MODULES = YES;
				CLANG_ENABLE_OBJC_ARC = YES;
				CLANG_ENABLE_OBJC_WEAK = YES;
				CLANG_WARN_BLOCK_CAPTURE_AUTORELEASING = YES;
				CLANG_WARN_BOOL_CONVERSION = YES;
				CLANG_WARN_COMMA = YES;
				CLANG_WARN_CONSTANT_CONVERSION = YES;
				CLANG_WARN_DEPRECATED_OBJC_IMPLEMENTATIONS = YES;
				CLANG_WARN_DIRECT_OBJC_ISA_USAGE = YES_ERROR;
				CLANG_WARN_DOCUMENTATION_COMMENTS = YES;
				CLANG_WARN_EMPTY_BODY = YES;
				CLANG_WARN_ENUM_CONVERSION = YES;
				CLANG_WARN_INFINITE_RECURSION = YES;
				CLANG_WARN_INT_CONVERSION = YES;
				CLANG_WARN_NON_LITERAL_NULL_CONVERSION = YES;
				CLANG_WARN_OBJC_IMPLICIT_RETAIN_SELF = YES;
				CLANG_WARN_OBJC_LITERAL_CONVERSION = YES;
				CLANG_WARN_OBJC_ROOT_CLASS = YES_ERROR;
				CLANG_WARN_QUOTED_INCLUDE_IN_FRAMEWORK_HEADER = YES;
				CLANG_WARN_RANGE_LOOP_ANALYSIS = YES;
				CLANG_WARN_STRICT_PROTOTYPES = YES;
				CLANG_WARN_SUSPICIOUS_MOVE = YES;
				CLANG_WARN_UNGUARDED_AVAILABILITY = YES_AGGRESSIVE;
				CLANG_WARN_UNREACHABLE_CODE = YES;
				CLANG_WARN__DUPLICATE_METHOD_MATCH = YES;
				COPY_PHASE_STRIP = NO;
				DEBUG_INFORMATION_FORMAT = dwarf;
				ENABLE_STRICT_OBJC_MSGSEND = YES;
				ENABLE_TESTABILITY = YES;
				ENABLE_USER_SCRIPT_SANDBOXING = YES;
				GCC_C_LANGUAGE_STANDARD = gnu17;
				GCC_DYNAMIC_NO_PIC = NO;
				GCC_NO_COMMON_BLOCKS = YES;
				GCC_OPTIMIZATION_LEVEL = 0;
				GCC_PREPROCESSOR_DEFINITIONS = (
					"DEBUG=1",
					"$(inherited)",
				);
				GCC_WARN_64_TO_32_BIT_CONVERSION = YES;
				GCC_WARN_ABOUT_RETURN_TYPE = YES_ERROR;
				GCC_WARN_UNDECLARED_SELECTOR = YES;
				GCC_WARN_UNINITIALIZED_AUTOS = YES_AGGRESSIVE;
				GCC_WARN_UNUSED_FUNCTION = YES;
				GCC_WARN_UNUSED_VARIABLE = YES;
				IPHONEOS_DEPLOYMENT_TARGET = 17.0;
				LOCALIZATION_PREFERS_STRING_CATALOGS = YES;
				MTL_ENABLE_DEBUG_INFO = INCLUDE_SOURCE;
				MTL_FAST_MATH = YES;
				ONLY_ACTIVE_ARCH = YES;
				SDKROOT = iphoneos;
				SWIFT_ACTIVE_COMPILATION_CONDITIONS = "DEBUG $(inherited)";
				SWIFT_OPTIMIZATION_LEVEL = "-Onone";
			};
			name = Debug;
		};
		259210742AF4E4AD009CCBCE /* Release */ = {
			isa = XCBuildConfiguration;
			buildSettings = {
				ALWAYS_SEARCH_USER_PATHS = NO;
				ASSETCATALOG_COMPILER_GENERATE_SWIFT_ASSET_SYMBOL_EXTENSIONS = YES;
				CLANG_ANALYZER_NONNULL = YES;
				CLANG_ANALYZER_NUMBER_OBJECT_CONVERSION = YES_AGGRESSIVE;
				CLANG_CXX_LANGUAGE_STANDARD = "gnu++20";
				CLANG_ENABLE_MODULES = YES;
				CLANG_ENABLE_OBJC_ARC = YES;
				CLANG_ENABLE_OBJC_WEAK = YES;
				CLANG_WARN_BLOCK_CAPTURE_AUTORELEASING = YES;
				CLANG_WARN_BOOL_CONVERSION = YES;
				CLANG_WARN_COMMA = YES;
				CLANG_WARN_CONSTANT_CONVERSION = YES;
				CLANG_WARN_DEPRECATED_OBJC_IMPLEMENTATIONS = YES;
				CLANG_WARN_DIRECT_OBJC_ISA_USAGE = YES_ERROR;
				CLANG_WARN_DOCUMENTATION_COMMENTS = YES;
				CLANG_WARN_EMPTY_BODY = YES;
				CLANG_WARN_ENUM_CONVERSION = YES;
				CLANG_WARN_INFINITE_RECURSION = YES;
				CLANG_WARN_INT_CONVERSION = YES;
				CLANG_WARN_NON_LITERAL_NULL_CONVERSION = YES;
				CLANG_WARN_OBJC_IMPLICIT_RETAIN_SELF = YES;
				CLANG_WARN_OBJC_LITERAL_CONVERSION = YES;
				CLANG_WARN_OBJC_ROOT_CLASS = YES_ERROR;
				CLANG_WARN_QUOTED_INCLUDE_IN_FRAMEWORK_HEADER = YES;
				CLANG_WARN_RANGE_LOOP_ANALYSIS = YES;
				CLANG_WARN_STRICT_PROTOTYPES = YES;
				CLANG_WARN_SUSPICIOUS_MOVE = YES;
				CLANG_WARN_UNGUARDED_AVAILABILITY = YES_AGGRESSIVE;
				CLANG_WARN_UNREACHABLE_CODE = YES;
				CLANG_WARN__DUPLICATE_METHOD_MATCH = YES;
				COPY_PHASE_STRIP = NO;
				DEBUG_INFORMATION_FORMAT = "dwarf-with-dsym";
				ENABLE_NS_ASSERTIONS = NO;
				ENABLE_STRICT_OBJC_MSGSEND = YES;
				ENABLE_USER_SCRIPT_SANDBOXING = YES;
				GCC_C_LANGUAGE_STANDARD = gnu17;
				GCC_NO_COMMON_BLOCKS = YES;
				GCC_WARN_64_TO_32_BIT_CONVERSION = YES;
				GCC_WARN_ABOUT_RETURN_TYPE = YES_ERROR;
				GCC_WARN_UNDECLARED_SELECTOR = YES;
				GCC_WARN_UNINITIALIZED_AUTOS = YES_AGGRESSIVE;
				GCC_WARN_UNUSED_FUNCTION = YES;
				GCC_WARN_UNUSED_VARIABLE = YES;
				IPHONEOS_DEPLOYMENT_TARGET = 17.0;
				LOCALIZATION_PREFERS_STRING_CATALOGS = YES;
				MTL_ENABLE_DEBUG_INFO = NO;
				MTL_FAST_MATH = YES;
				SDKROOT = iphoneos;
				SWIFT_COMPILATION_MODE = wholemodule;
				VALIDATE_PRODUCT = YES;
			};
			name = Release;
		};
		259210762AF4E4AD009CCBCE /* Debug */ = {
			isa = XCBuildConfiguration;
			buildSettings = {
				ASSETCATALOG_COMPILER_APPICON_NAME = AppIcon;
				ASSETCATALOG_COMPILER_GLOBAL_ACCENT_COLOR_NAME = AccentColor;
				CODE_SIGN_STYLE = Automatic;
				CURRENT_PROJECT_VERSION = 1;
				DEVELOPMENT_ASSET_PATHS = "\"ExerciseTracker/Preview Content\"";
				DEVELOPMENT_TEAM = D6Z43LP47A;
				ENABLE_PREVIEWS = YES;
				GENERATE_INFOPLIST_FILE = YES;
				INFOPLIST_KEY_UIApplicationSceneManifest_Generation = YES;
				INFOPLIST_KEY_UIApplicationSupportsIndirectInputEvents = YES;
				INFOPLIST_KEY_UILaunchScreen_Generation = YES;
				INFOPLIST_KEY_UISupportedInterfaceOrientations_iPad = "UIInterfaceOrientationPortrait UIInterfaceOrientationPortraitUpsideDown UIInterfaceOrientationLandscapeLeft UIInterfaceOrientationLandscapeRight";
				INFOPLIST_KEY_UISupportedInterfaceOrientations_iPhone = "UIInterfaceOrientationPortrait UIInterfaceOrientationLandscapeLeft UIInterfaceOrientationLandscapeRight";
				IPHONEOS_DEPLOYMENT_TARGET = 15.0;
				LD_RUNPATH_SEARCH_PATHS = (
					"$(inherited)",
					"@executable_path/Frameworks",
				);
				MARKETING_VERSION = 1.0;
				PRODUCT_BUNDLE_IDENTIFIER = "com.example.mcgarry-joe.ExerciseTracker";
				PRODUCT_NAME = "$(TARGET_NAME)";
				SWIFT_EMIT_LOC_STRINGS = YES;
				SWIFT_VERSION = 5.0;
				TARGETED_DEVICE_FAMILY = "1,2";
			};
			name = Debug;
		};
		259210772AF4E4AD009CCBCE /* Release */ = {
			isa = XCBuildConfiguration;
			buildSettings = {
				ASSETCATALOG_COMPILER_APPICON_NAME = AppIcon;
				ASSETCATALOG_COMPILER_GLOBAL_ACCENT_COLOR_NAME = AccentColor;
				CODE_SIGN_STYLE = Automatic;
				CURRENT_PROJECT_VERSION = 1;
				DEVELOPMENT_ASSET_PATHS = "\"ExerciseTracker/Preview Content\"";
				DEVELOPMENT_TEAM = D6Z43LP47A;
				ENABLE_PREVIEWS = YES;
				GENERATE_INFOPLIST_FILE = YES;
				INFOPLIST_KEY_UIApplicationSceneManifest_Generation = YES;
				INFOPLIST_KEY_UIApplicationSupportsIndirectInputEvents = YES;
				INFOPLIST_KEY_UILaunchScreen_Generation = YES;
				INFOPLIST_KEY_UISupportedInterfaceOrientations_iPad = "UIInterfaceOrientationPortrait UIInterfaceOrientationPortraitUpsideDown UIInterfaceOrientationLandscapeLeft UIInterfaceOrientationLandscapeRight";
				INFOPLIST_KEY_UISupportedInterfaceOrientations_iPhone = "UIInterfaceOrientationPortrait UIInterfaceOrientationLandscapeLeft UIInterfaceOrientationLandscapeRight";
				IPHONEOS_DEPLOYMENT_TARGET = 15.0;
				LD_RUNPATH_SEARCH_PATHS = (
					"$(inherited)",
					"@executable_path/Frameworks",
				);
				MARKETING_VERSION = 1.0;
				PRODUCT_BUNDLE_IDENTIFIER = "com.example.mcgarry-joe.ExerciseTracker";
				PRODUCT_NAME = "$(TARGET_NAME)";
				SWIFT_EMIT_LOC_STRINGS = YES;
				SWIFT_VERSION = 5.0;
				TARGETED_DEVICE_FAMILY = "1,2";
			};
			name = Release;
		};
		41730BA52B07695F00EDDBFD /* Debug */ = {
			isa = XCBuildConfiguration;
			buildSettings = {
				CODE_SIGN_STYLE = Automatic;
				CURRENT_PROJECT_VERSION = 1;
				DEVELOPMENT_TEAM = D6Z43LP47A;
				GENERATE_INFOPLIST_FILE = YES;
				MARKETING_VERSION = 1.0;
				PRODUCT_BUNDLE_IDENTIFIER = "com.example.joe-mcgarry.ExerciseTrackerUITests";
				PRODUCT_NAME = "$(TARGET_NAME)";
				SWIFT_EMIT_LOC_STRINGS = NO;
				SWIFT_VERSION = 5.0;
				TARGETED_DEVICE_FAMILY = "1,2";
				TEST_TARGET_NAME = ExerciseTracker;
			};
			name = Debug;
		};
		41730BA62B07695F00EDDBFD /* Release */ = {
			isa = XCBuildConfiguration;
			buildSettings = {
				CODE_SIGN_STYLE = Automatic;
				CURRENT_PROJECT_VERSION = 1;
				DEVELOPMENT_TEAM = D6Z43LP47A;
				GENERATE_INFOPLIST_FILE = YES;
				MARKETING_VERSION = 1.0;
				PRODUCT_BUNDLE_IDENTIFIER = "com.example.joe-mcgarry.ExerciseTrackerUITests";
				PRODUCT_NAME = "$(TARGET_NAME)";
				SWIFT_EMIT_LOC_STRINGS = NO;
				SWIFT_VERSION = 5.0;
				TARGETED_DEVICE_FAMILY = "1,2";
				TEST_TARGET_NAME = ExerciseTracker;
			};
			name = Release;
		};
		41730BB32B077BAE00EDDBFD /* Debug */ = {
			isa = XCBuildConfiguration;
			buildSettings = {
				BUNDLE_LOADER = "$(TEST_HOST)";
				CODE_SIGN_STYLE = Automatic;
				CURRENT_PROJECT_VERSION = 1;
				DEVELOPMENT_TEAM = D6Z43LP47A;
				GENERATE_INFOPLIST_FILE = YES;
				MARKETING_VERSION = 1.0;
				PRODUCT_BUNDLE_IDENTIFIER = "com.example.joe-mcgarry.ExerciseTrackerUnitTests";
				PRODUCT_NAME = "$(TARGET_NAME)";
				SWIFT_EMIT_LOC_STRINGS = NO;
				SWIFT_VERSION = 5.0;
				TARGETED_DEVICE_FAMILY = "1,2";
				TEST_HOST = "$(BUILT_PRODUCTS_DIR)/ExerciseTracker.app/$(BUNDLE_EXECUTABLE_FOLDER_PATH)/ExerciseTracker";
			};
			name = Debug;
		};
		41730BB42B077BAE00EDDBFD /* Release */ = {
			isa = XCBuildConfiguration;
			buildSettings = {
				BUNDLE_LOADER = "$(TEST_HOST)";
				CODE_SIGN_STYLE = Automatic;
				CURRENT_PROJECT_VERSION = 1;
				DEVELOPMENT_TEAM = D6Z43LP47A;
				GENERATE_INFOPLIST_FILE = YES;
				MARKETING_VERSION = 1.0;
				PRODUCT_BUNDLE_IDENTIFIER = "com.example.joe-mcgarry.ExerciseTrackerUnitTests";
				PRODUCT_NAME = "$(TARGET_NAME)";
				SWIFT_EMIT_LOC_STRINGS = NO;
				SWIFT_VERSION = 5.0;
				TARGETED_DEVICE_FAMILY = "1,2";
				TEST_HOST = "$(BUILT_PRODUCTS_DIR)/ExerciseTracker.app/$(BUNDLE_EXECUTABLE_FOLDER_PATH)/ExerciseTracker";
			};
			name = Release;
		};
/* End XCBuildConfiguration section */

/* Begin XCConfigurationList section */
		259210622AF4E4AC009CCBCE /* Build configuration list for PBXProject "ExerciseTracker" */ = {
			isa = XCConfigurationList;
			buildConfigurations = (
				259210732AF4E4AD009CCBCE /* Debug */,
				259210742AF4E4AD009CCBCE /* Release */,
			);
			defaultConfigurationIsVisible = 0;
			defaultConfigurationName = Release;
		};
		259210752AF4E4AD009CCBCE /* Build configuration list for PBXNativeTarget "ExerciseTracker" */ = {
			isa = XCConfigurationList;
			buildConfigurations = (
				259210762AF4E4AD009CCBCE /* Debug */,
				259210772AF4E4AD009CCBCE /* Release */,
			);
			defaultConfigurationIsVisible = 0;
			defaultConfigurationName = Release;
		};
		41730BA42B07695F00EDDBFD /* Build configuration list for PBXNativeTarget "ExerciseTrackerUITests" */ = {
			isa = XCConfigurationList;
			buildConfigurations = (
				41730BA52B07695F00EDDBFD /* Debug */,
				41730BA62B07695F00EDDBFD /* Release */,
			);
			defaultConfigurationIsVisible = 0;
			defaultConfigurationName = Release;
		};
		41730BB22B077BAE00EDDBFD /* Build configuration list for PBXNativeTarget "ExerciseTrackerUnitTests" */ = {
			isa = XCConfigurationList;
			buildConfigurations = (
				41730BB32B077BAE00EDDBFD /* Debug */,
				41730BB42B077BAE00EDDBFD /* Release */,
			);
			defaultConfigurationIsVisible = 0;
			defaultConfigurationName = Release;
		};
/* End XCConfigurationList section */

/* Begin XCRemoteSwiftPackageReference section */
		2592107F2AF53D29009CCBCE /* XCRemoteSwiftPackageReference "SwiftLint" */ = {
			isa = XCRemoteSwiftPackageReference;
			repositoryURL = "https://github.com/realm/SwiftLint.git";
			requirement = {
				kind = upToNextMajorVersion;
				minimumVersion = 0.53.0;
			};
		};
/* End XCRemoteSwiftPackageReference section */

/* Begin XCSwiftPackageProductDependency section */
		259210802AF53D76009CCBCE /* SwiftLintPlugin */ = {
			isa = XCSwiftPackageProductDependency;
			package = 2592107F2AF53D29009CCBCE /* XCRemoteSwiftPackageReference "SwiftLint" */;
			productName = "plugin:SwiftLintPlugin";
		};
/* End XCSwiftPackageProductDependency section */

/* Begin XCVersionGroup section */
		41730BBD2B07C90F00EDDBFD /* ExerciseTracker.xcdatamodeld */ = {
			isa = XCVersionGroup;
			children = (
				41730BBE2B07C90F00EDDBFD /* ExerciseTracker.xcdatamodel */,
			);
			currentVersion = 41730BBE2B07C90F00EDDBFD /* ExerciseTracker.xcdatamodel */;
			path = ExerciseTracker.xcdatamodeld;
			sourceTree = "<group>";
			versionGroupType = wrapper.xcdatamodel;
		};
/* End XCVersionGroup section */
	};
	rootObject = 2592105F2AF4E4AC009CCBCE /* Project object */;
}
